
Microsoft Visual Studio Solution File, Format Version 11.00
# Visual Studio 2010
Project("{8BC9CEB8-8B4A-11D0-8D11-00A0C91BC942}") = "test_app", "..\test\test_app.vcxproj", "{CE9855E1-7321-4B15-B034-BA2F09B4DB23}"
EndProject
Global
	GlobalSection(SolutionConfigurationPlatforms) = preSolution
		dbg|Win32 = dbg|Win32
		opt|Win32 = opt|Win32
	EndGlobalSection
	GlobalSection(ProjectConfigurationPlatforms) = postSolution
		{CE9855E1-7321-4B15-B034-BA2F09B4DB23}.dbg|Win32.ActiveCfg = dbg|Win32
		{CE9855E1-7321-4B15-B034-BA2F09B4DB23}.dbg|Win32.Build.0 = dbg|Win32
		{CE9855E1-7321-4B15-B034-BA2F09B4DB23}.opt|Win32.ActiveCfg = opt|Win32
		{CE9855E1-7321-4B15-B034-BA2F09B4DB23}.opt|Win32.Build.0 = opt|Win32
	EndGlobalSection
	GlobalSection(SolutionProperties) = preSolution
		HideSolutionNode = FALSE
	EndGlobalSection
EndGlobal
