<?xml version="1.0" encoding="utf-8"?>
<Project ToolsVersion="4.0" xmlns="http://schemas.microsoft.com/developer/msbuild/2003">
  <ItemGroup>
    <ClCompile Include="..\third_party\gtest\src\gtest_main.cc" />
    <ClCompile Include="memory\scoped_ptr_unittest.cpp">
      <Filter>memory</Filter>
    </ClCompile>
    <ClCompile Include="time\time_unitttest.cpp">
      <Filter>time</Filter>
    </ClCompile>
    <ClCompile Include="framework\observer_list_unittest.cpp">
      <Filter>framework</Filter>
    </ClCompile>
    <ClCompile Include="string\string_piece_unittest.cpp">
      <Filter>string</Filter>
    </ClCompile>
  </ItemGroup>
  <ItemGroup>
    <Filter Include="memory">
      <UniqueIdentifier>{2e5fe71a-fbff-49a6-9504-78e3d0ce91e8}</UniqueIdentifier>
    </Filter>
    <Filter Include="time">
      <UniqueIdentifier>{c19be543-b5d3-4d4c-8829-a87d8afcd07d}</UniqueIdentifier>
    </Filter>
    <Filter Include="framework">
      <UniqueIdentifier>{0f752178-14dc-4e54-acd9-c37e29f769ee}</UniqueIdentifier>
    </Filter>
    <Filter Include="string">
      <UniqueIdentifier>{c5a49eed-fb1d-4aef-bf50-f2964767aa3c}</UniqueIdentifier>
    </Filter>
  </ItemGroup>
</Project>