<?xml version="1.0" encoding="utf-8"?>
<Project ToolsVersion="4.0" xmlns="http://schemas.microsoft.com/developer/msbuild/2003">
  <ItemGroup>
    <Filter Include="framework">
      <UniqueIdentifier>{42ba8da9-ecc0-4c75-9ed5-4db07714b82a}</UniqueIdentifier>
    </Filter>
    <Filter Include="util">
      <UniqueIdentifier>{7c0e7c03-b609-4763-8575-d1a1192b7f27}</UniqueIdentifier>
    </Filter>
    <Filter Include="time">
      <UniqueIdentifier>{f6c91ee1-bf91-4185-94be-4c2a3019c872}</UniqueIdentifier>
    </Filter>
    <Filter Include="synchronization">
      <UniqueIdentifier>{aa130833-30d3-4d28-ab1c-7a6b6a5f8895}</UniqueIdentifier>
    </Filter>
    <Filter Include="thread">
      <UniqueIdentifier>{750df2fc-3180-4556-95fd-dead5390d803}</UniqueIdentifier>
    </Filter>
    <Filter Include="memory">
      <UniqueIdentifier>{cef4e411-7071-47b2-a98e-0ea0ae2920a2}</UniqueIdentifier>
    </Filter>
  </ItemGroup>
  <ItemGroup>
    <ClInclude Include="framework\message_pump.h">
      <Filter>framework</Filter>
    </ClInclude>
    <ClInclude Include="framework\task.h">
      <Filter>framework</Filter>
    </ClInclude>
    <ClInclude Include="framework\message_loop.h">
      <Filter>framework</Filter>
    </ClInclude>
    <ClInclude Include="util\invoke_helper.h">
      <Filter>util</Filter>
    </ClInclude>
    <ClInclude Include="util\noncopyable.h">
      <Filter>util</Filter>
    </ClInclude>
    <ClInclude Include="time\time.h">
      <Filter>time</Filter>
    </ClInclude>
    <ClInclude Include="synchronization\lock.h">
      <Filter>synchronization</Filter>
    </ClInclude>
    <ClInclude Include="thread\thread.h">
      <Filter>thread</Filter>
    </ClInclude>
    <ClInclude Include="memory\scoped_ptr.h">
      <Filter>memory</Filter>
    </ClInclude>
    <ClInclude Include="memory\casts.h">
      <Filter>memory</Filter>
    </ClInclude>
  </ItemGroup>
  <ItemGroup>
    <ClCompile Include="framework\message_loop.cpp">
      <Filter>framework</Filter>
    </ClCompile>
    <ClCompile Include="framework\message_pump.cpp">
      <Filter>framework</Filter>
    </ClCompile>
    <ClCompile Include="time\time.cpp">
      <Filter>time</Filter>
    </ClCompile>
    <ClCompile Include="synchronization\lock.cpp">
      <Filter>synchronization</Filter>
    </ClCompile>
    <ClCompile Include="thread\thread.cpp">
      <Filter>thread</Filter>
    </ClCompile>
  </ItemGroup>
</Project>